
Microsoft Visual Studio Solution File, Format Version 12.00
# Visual Studio Version 17
VisualStudioVersion = 17.6.33801.468
MinimumVisualStudioVersion = 10.0.40219.1
Project("{9A19103F-16F7-4668-BE54-9A1E7A4F7556}") = "PracticalThirteen", "PracticalThirteen\PracticalThirteen.csproj", "{A0C06961-07A2-466E-BA1C-22851645D283}"
EndProject
Project("{FAE04EC0-301F-11D3-BF4B-00C04F79EFBC}") = "PracticalThirteen.Data", "PracticalThirteen.Data\PracticalThirteen.Data.csproj", "{E4679FE0-70A8-4A28-A52C-E29C7DAD1A1A}"
EndProject
Global
	GlobalSection(SolutionConfigurationPlatforms) = preSolution
		Debug|Any CPU = Debug|Any CPU
		Release|Any CPU = Release|Any CPU
	EndGlobalSection
	GlobalSection(ProjectConfigurationPlatforms) = postSolution
		{A0C06961-07A2-466E-BA1C-22851645D283}.Debug|Any CPU.ActiveCfg = Debug|Any CPU
		{A0C06961-07A2-466E-BA1C-22851645D283}.Debug|Any CPU.Build.0 = Debug|Any CPU
		{A0C06961-07A2-466E-BA1C-22851645D283}.Release|Any CPU.ActiveCfg = Release|Any CPU
		{A0C06961-07A2-466E-BA1C-22851645D283}.Release|Any CPU.Build.0 = Release|Any CPU
		{E4679FE0-70A8-4A28-A52C-E29C7DAD1A1A}.Debug|Any CPU.ActiveCfg = Debug|Any CPU
		{E4679FE0-70A8-4A28-A52C-E29C7DAD1A1A}.Debug|Any CPU.Build.0 = Debug|Any CPU
		{E4679FE0-70A8-4A28-A52C-E29C7DAD1A1A}.Release|Any CPU.ActiveCfg = Release|Any CPU
		{E4679FE0-70A8-4A28-A52C-E29C7DAD1A1A}.Release|Any CPU.Build.0 = Release|Any CPU
	EndGlobalSection
	GlobalSection(SolutionProperties) = preSolution
		HideSolutionNode = FALSE
	EndGlobalSection
	GlobalSection(ExtensibilityGlobals) = postSolution
		SolutionGuid = {3EA54ECB-F5AE-42ED-B416-F240884615CC}
	EndGlobalSection
EndGlobal
